
Microsoft Visual Studio Solution File, Format Version 12.00
# Visual Studio Version 16
VisualStudioVersion = 16.0.30413.136
MinimumVisualStudioVersion = 10.0.40219.1
Project("{FAE04EC0-301F-11D3-BF4B-00C04F79EFBC}") = "FirstLabaCMK", "FirstLabaCMK\FirstLabaCMK.csproj", "{9836680F-3580-4629-8532-D21E309467B7}"
EndProject
Global
	GlobalSection(SolutionConfigurationPlatforms) = preSolution
		Debug|Any CPU = Debug|Any CPU
		Release|Any CPU = Release|Any CPU
	EndGlobalSection
	GlobalSection(ProjectConfigurationPlatforms) = postSolution
		{9836680F-3580-4629-8532-D21E309467B7}.Debug|Any CPU.ActiveCfg = Debug|Any CPU
		{9836680F-3580-4629-8532-D21E309467B7}.Debug|Any CPU.Build.0 = Debug|Any CPU
		{9836680F-3580-4629-8532-D21E309467B7}.Release|Any CPU.ActiveCfg = Release|Any CPU
		{9836680F-3580-4629-8532-D21E309467B7}.Release|Any CPU.Build.0 = Release|Any CPU
	EndGlobalSection
	GlobalSection(SolutionProperties) = preSolution
		HideSolutionNode = FALSE
	EndGlobalSection
	GlobalSection(ExtensibilityGlobals) = postSolution
		SolutionGuid = {B5E7B5F8-D17C-4040-ADA5-41EDF070A0C9}
	EndGlobalSection
EndGlobal
